
Microsoft Visual Studio Solution File, Format Version 12.00
# Visual Studio Version 17
VisualStudioVersion = 17.13.35825.156 d17.13
MinimumVisualStudioVersion = 10.0.40219.1
Project("{FAE04EC0-301F-11D3-BF4B-00C04F79EFBC}") = "0319project", "0319project\0319project.csproj", "{2B02E214-839C-454A-83E8-8CF2AE19D1E1}"
EndProject
Global
	GlobalSection(SolutionConfigurationPlatforms) = preSolution
		Debug|Any CPU = Debug|Any CPU
		Release|Any CPU = Release|Any CPU
	EndGlobalSection
	GlobalSection(ProjectConfigurationPlatforms) = postSolution
		{2B02E214-839C-454A-83E8-8CF2AE19D1E1}.Debug|Any CPU.ActiveCfg = Debug|Any CPU
		{2B02E214-839C-454A-83E8-8CF2AE19D1E1}.Debug|Any CPU.Build.0 = Debug|Any CPU
		{2B02E214-839C-454A-83E8-8CF2AE19D1E1}.Release|Any CPU.ActiveCfg = Release|Any CPU
		{2B02E214-839C-454A-83E8-8CF2AE19D1E1}.Release|Any CPU.Build.0 = Release|Any CPU
	EndGlobalSection
	GlobalSection(SolutionProperties) = preSolution
		HideSolutionNode = FALSE
	EndGlobalSection
	GlobalSection(ExtensibilityGlobals) = postSolution
		SolutionGuid = {730D4928-0578-4F24-A2B7-ABB11828FA4F}
	EndGlobalSection
EndGlobal
